
Microsoft Visual Studio Solution File, Format Version 12.00
# Visual Studio Version 16
VisualStudioVersion = 16.0.31729.503
MinimumVisualStudioVersion = 10.0.40219.1
Project("{FAE04EC0-301F-11D3-BF4B-00C04F79EFBC}") = "Device", "Device\Device.csproj", "{86161F84-956F-4F02-8DB7-EA6BA9BA1E60}"
EndProject
Project("{FAE04EC0-301F-11D3-BF4B-00C04F79EFBC}") = "DecryptorFunction", "DecryptorFunction\DecryptorFunction.csproj", "{510C2F57-9108-4E18-A4FD-B816AC0516A3}"
EndProject
Global
	GlobalSection(SolutionConfigurationPlatforms) = preSolution
		Debug|Any CPU = Debug|Any CPU
		Release|Any CPU = Release|Any CPU
	EndGlobalSection
	GlobalSection(ProjectConfigurationPlatforms) = postSolution
		{86161F84-956F-4F02-8DB7-EA6BA9BA1E60}.Debug|Any CPU.ActiveCfg = Debug|Any CPU
		{86161F84-956F-4F02-8DB7-EA6BA9BA1E60}.Debug|Any CPU.Build.0 = Debug|Any CPU
		{86161F84-956F-4F02-8DB7-EA6BA9BA1E60}.Release|Any CPU.ActiveCfg = Release|Any CPU
		{86161F84-956F-4F02-8DB7-EA6BA9BA1E60}.Release|Any CPU.Build.0 = Release|Any CPU
		{510C2F57-9108-4E18-A4FD-B816AC0516A3}.Debug|Any CPU.ActiveCfg = Debug|Any CPU
		{510C2F57-9108-4E18-A4FD-B816AC0516A3}.Debug|Any CPU.Build.0 = Debug|Any CPU
		{510C2F57-9108-4E18-A4FD-B816AC0516A3}.Release|Any CPU.ActiveCfg = Release|Any CPU
		{510C2F57-9108-4E18-A4FD-B816AC0516A3}.Release|Any CPU.Build.0 = Release|Any CPU
	EndGlobalSection
	GlobalSection(SolutionProperties) = preSolution
		HideSolutionNode = FALSE
	EndGlobalSection
	GlobalSection(ExtensibilityGlobals) = postSolution
		SolutionGuid = {93A3C312-2DF1-4D11-AF74-84C2777A3CB0}
	EndGlobalSection
EndGlobal
